
Microsoft Visual Studio Solution File, Format Version 11.00
# Visual Studio 2010
Project("{E24C65DC-7377-472B-9ABA-BC803B73C61A}") = "j-rql-connector-https", "..\j-rql-connector-https", "{8A05C9A4-6CCE-41E5-8D18-C1A9BA99ECD8}"
	ProjectSection(WebsiteProperties) = preProject
		TargetFrameworkMoniker = ".NETFramework,Version%3Dv4.0"
		Debug.AspNetCompiler.VirtualPath = "/j-rql-connector-https"
		Debug.AspNetCompiler.PhysicalPath = "..\j-rql-connector-https\"
		Debug.AspNetCompiler.TargetPath = "PrecompiledWeb\j-rql-connector-https\"
		Debug.AspNetCompiler.Updateable = "true"
		Debug.AspNetCompiler.ForceOverwrite = "true"
		Debug.AspNetCompiler.FixedNames = "false"
		Debug.AspNetCompiler.Debug = "True"
		Release.AspNetCompiler.VirtualPath = "/j-rql-connector-https"
		Release.AspNetCompiler.PhysicalPath = "..\j-rql-connector-https\"
		Release.AspNetCompiler.TargetPath = "PrecompiledWeb\j-rql-connector-https\"
		Release.AspNetCompiler.Updateable = "true"
		Release.AspNetCompiler.ForceOverwrite = "true"
		Release.AspNetCompiler.FixedNames = "false"
		Release.AspNetCompiler.Debug = "False"
		VWDPort = "59433"
	EndProjectSection
EndProject
Global
	GlobalSection(SolutionConfigurationPlatforms) = preSolution
		Debug|Any CPU = Debug|Any CPU
	EndGlobalSection
	GlobalSection(ProjectConfigurationPlatforms) = postSolution
		{8A05C9A4-6CCE-41E5-8D18-C1A9BA99ECD8}.Debug|Any CPU.ActiveCfg = Debug|Any CPU
		{8A05C9A4-6CCE-41E5-8D18-C1A9BA99ECD8}.Debug|Any CPU.Build.0 = Debug|Any CPU
	EndGlobalSection
	GlobalSection(SolutionProperties) = preSolution
		HideSolutionNode = FALSE
	EndGlobalSection
EndGlobal
